
Microsoft Visual Studio Solution File, Format Version 12.00
# Visual Studio Version 16
VisualStudioVersion = 16.0.29306.81
MinimumVisualStudioVersion = 10.0.40219.1
Project("{FAE04EC0-301F-11D3-BF4B-00C04F79EFBC}") = "Xamarin_Android_DemoFirebase", "Xamarin_Android_DemoFirebase\Xamarin_Android_DemoFirebase.csproj", "{894E38C6-1E92-4D45-AB6F-9AC6F5777FBA}"
EndProject
Global
	GlobalSection(SolutionConfigurationPlatforms) = preSolution
		Debug|Any CPU = Debug|Any CPU
		Release|Any CPU = Release|Any CPU
	EndGlobalSection
	GlobalSection(ProjectConfigurationPlatforms) = postSolution
		{894E38C6-1E92-4D45-AB6F-9AC6F5777FBA}.Debug|Any CPU.ActiveCfg = Debug|Any CPU
		{894E38C6-1E92-4D45-AB6F-9AC6F5777FBA}.Debug|Any CPU.Build.0 = Debug|Any CPU
		{894E38C6-1E92-4D45-AB6F-9AC6F5777FBA}.Debug|Any CPU.Deploy.0 = Debug|Any CPU
		{894E38C6-1E92-4D45-AB6F-9AC6F5777FBA}.Release|Any CPU.ActiveCfg = Release|Any CPU
		{894E38C6-1E92-4D45-AB6F-9AC6F5777FBA}.Release|Any CPU.Build.0 = Release|Any CPU
		{894E38C6-1E92-4D45-AB6F-9AC6F5777FBA}.Release|Any CPU.Deploy.0 = Release|Any CPU
	EndGlobalSection
	GlobalSection(SolutionProperties) = preSolution
		HideSolutionNode = FALSE
	EndGlobalSection
	GlobalSection(ExtensibilityGlobals) = postSolution
		SolutionGuid = {6B119378-9C3A-4334-84D5-3FC42D4030B9}
	EndGlobalSection
EndGlobal
